
Microsoft Visual Studio Solution File, Format Version 12.00
# Visual Studio Version 17
VisualStudioVersion = 17.7.34202.233
MinimumVisualStudioVersion = 10.0.40219.1
Project("{FAE04EC0-301F-11D3-BF4B-00C04F79EFBC}") = "WinFormsWeatherApp", "WinFormsWeatherApp.csproj", "{F70763E3-EA9D-4CF0-9BD4-6A6198D7574E}"
EndProject
Global
	GlobalSection(SolutionConfigurationPlatforms) = preSolution
		Debug|Any CPU = Debug|Any CPU
		Release|Any CPU = Release|Any CPU
	EndGlobalSection
	GlobalSection(ProjectConfigurationPlatforms) = postSolution
		{F70763E3-EA9D-4CF0-9BD4-6A6198D7574E}.Debug|Any CPU.ActiveCfg = Debug|Any CPU
		{F70763E3-EA9D-4CF0-9BD4-6A6198D7574E}.Debug|Any CPU.Build.0 = Debug|Any CPU
		{F70763E3-EA9D-4CF0-9BD4-6A6198D7574E}.Release|Any CPU.ActiveCfg = Release|Any CPU
		{F70763E3-EA9D-4CF0-9BD4-6A6198D7574E}.Release|Any CPU.Build.0 = Release|Any CPU
	EndGlobalSection
	GlobalSection(SolutionProperties) = preSolution
		HideSolutionNode = FALSE
	EndGlobalSection
	GlobalSection(ExtensibilityGlobals) = postSolution
		SolutionGuid = {220B895A-84D9-4ECA-8A2D-25CCD675A788}
	EndGlobalSection
EndGlobal
